
Microsoft Visual Studio Solution File, Format Version 12.00
# Visual Studio Version 16
VisualStudioVersion = 16.0.30711.63
MinimumVisualStudioVersion = 10.0.40219.1
Project("{9A19103F-16F7-4668-BE54-9A1E7A4F7556}") = "EmptyCoreProject", "EmptyCoreProject\EmptyCoreProject.csproj", "{AC333FCB-CF0F-4398-849C-8F55068497FF}"
EndProject
Project("{9A19103F-16F7-4668-BE54-9A1E7A4F7556}") = "WebApplication1", "WebApplication1\WebApplication1.csproj", "{65E703CD-367E-4FD9-AF0C-8B7F2218C7B2}"
EndProject
Project("{FAE04EC0-301F-11D3-BF4B-00C04F79EFBC}") = "WebApplication2", "WebApplication2\WebApplication2.csproj", "{240646C6-4580-4C36-B3DC-E1B76057721F}"
EndProject
Project("{FAE04EC0-301F-11D3-BF4B-00C04F79EFBC}") = "WebApplication3", "WebApplication3\WebApplication3.csproj", "{492FCB78-8CA5-447D-B87B-F60366B6EBB7}"
EndProject
Global
	GlobalSection(SolutionConfigurationPlatforms) = preSolution
		Debug|Any CPU = Debug|Any CPU
		Release|Any CPU = Release|Any CPU
	EndGlobalSection
	GlobalSection(ProjectConfigurationPlatforms) = postSolution
		{AC333FCB-CF0F-4398-849C-8F55068497FF}.Debug|Any CPU.ActiveCfg = Debug|Any CPU
		{AC333FCB-CF0F-4398-849C-8F55068497FF}.Debug|Any CPU.Build.0 = Debug|Any CPU
		{AC333FCB-CF0F-4398-849C-8F55068497FF}.Release|Any CPU.ActiveCfg = Release|Any CPU
		{AC333FCB-CF0F-4398-849C-8F55068497FF}.Release|Any CPU.Build.0 = Release|Any CPU
		{65E703CD-367E-4FD9-AF0C-8B7F2218C7B2}.Debug|Any CPU.ActiveCfg = Debug|Any CPU
		{65E703CD-367E-4FD9-AF0C-8B7F2218C7B2}.Debug|Any CPU.Build.0 = Debug|Any CPU
		{65E703CD-367E-4FD9-AF0C-8B7F2218C7B2}.Release|Any CPU.ActiveCfg = Release|Any CPU
		{65E703CD-367E-4FD9-AF0C-8B7F2218C7B2}.Release|Any CPU.Build.0 = Release|Any CPU
		{240646C6-4580-4C36-B3DC-E1B76057721F}.Debug|Any CPU.ActiveCfg = Debug|Any CPU
		{240646C6-4580-4C36-B3DC-E1B76057721F}.Debug|Any CPU.Build.0 = Debug|Any CPU
		{240646C6-4580-4C36-B3DC-E1B76057721F}.Release|Any CPU.ActiveCfg = Release|Any CPU
		{240646C6-4580-4C36-B3DC-E1B76057721F}.Release|Any CPU.Build.0 = Release|Any CPU
		{492FCB78-8CA5-447D-B87B-F60366B6EBB7}.Debug|Any CPU.ActiveCfg = Debug|Any CPU
		{492FCB78-8CA5-447D-B87B-F60366B6EBB7}.Debug|Any CPU.Build.0 = Debug|Any CPU
		{492FCB78-8CA5-447D-B87B-F60366B6EBB7}.Release|Any CPU.ActiveCfg = Release|Any CPU
		{492FCB78-8CA5-447D-B87B-F60366B6EBB7}.Release|Any CPU.Build.0 = Release|Any CPU
	EndGlobalSection
	GlobalSection(SolutionProperties) = preSolution
		HideSolutionNode = FALSE
	EndGlobalSection
	GlobalSection(ExtensibilityGlobals) = postSolution
		SolutionGuid = {4EB7078D-1699-4C4D-8C25-17CE4084E84B}
	EndGlobalSection
EndGlobal
